{
  "name": "hecochat-contract-public",
  "version": "1.0.0",
  "lockfileVersion": 1,
  "requires": true,
  "dependencies": {
    "@openzeppelin/contracts": {
      "version": "3.4.1",
      "resolved": "https://registry.npm.taobao.org/@openzeppelin/contracts/download/@openzeppelin/contracts-3.4.1.tgz",
      "integrity": "sha1-A8iR/sf5O+CuRO105XoSKjhzLOc="
    }
  }
}
